{
  "version": 4,
  "terraform_version": "1.3.4",
  "serial": 6,
  "lineage": "f874f744-ba4d-d147-9b7e-e3f2e92d7be7",
  "outputs": {
    "notebook_url": {
      "value": "https://adb-6264422557565567.7.azuredatabricks.net/#workspace/Users/narenderreddy548@gmail.com/Terraform/notebook-getting-started-lakehouse-e2e.py",
      "type": "string"
    }
  },
  "resources": [
    {
      "mode": "data",
      "type": "databricks_current_user",
      "name": "me",
      "provider": "provider[\"registry.terraform.io/databricks/databricks\"]",
      "instances": [
        {
          "schema_version": 0,
          "attributes": {
            "alphanumeric": "narenderreddy548",
            "external_id": "d30900ab-fe31-43db-bdfa-d734ad0b0b9e",
            "home": "/Users/narenderreddy548@gmail.com",
            "id": "2439028519662452",
            "repos": "/Repos/narenderreddy548@gmail.com",
            "user_name": "narenderreddy548@gmail.com",
            "workspace_url": "https://adb-6264422557565567.7.azuredatabricks.net"
          },
          "sensitive_attributes": []
        }
      ]
    },
    {
      "mode": "data",
      "type": "databricks_node_type",
      "name": "smallest",
      "provider": "provider[\"registry.terraform.io/databricks/databricks\"]",
      "instances": [
        {
          "schema_version": 0,
          "attributes": {
            "category": null,
            "gb_per_core": null,
            "graviton": null,
            "id": "Standard_L8as_v3",
            "is_io_cache_enabled": null,
            "local_disk": true,
            "min_cores": null,
            "min_gpus": null,
            "min_memory_gb": null,
            "photon_driver_capable": null,
            "photon_worker_capable": null,
            "support_port_forwarding": null,
            "vcpu": null
          },
          "sensitive_attributes": []
        }
      ]
    },
    {
      "mode": "data",
      "type": "databricks_spark_version",
      "name": "latest_lts",
      "provider": "provider[\"registry.terraform.io/databricks/databricks\"]",
      "instances": [
        {
          "schema_version": 0,
          "attributes": {
            "beta": null,
            "genomics": null,
            "gpu": null,
            "graviton": null,
            "id": "11.3.x-scala2.12",
            "latest": true,
            "long_term_support": true,
            "ml": null,
            "photon": null,
            "scala": "2.12",
            "spark_version": null
          },
          "sensitive_attributes": []
        }
      ]
    },
    {
      "mode": "managed",
      "type": "databricks_job",
      "name": "this",
      "provider": "provider[\"registry.terraform.io/databricks/databricks\"]",
      "instances": []
    },
    {
      "mode": "managed",
      "type": "databricks_notebook",
      "name": "this",
      "provider": "provider[\"registry.terraform.io/databricks/databricks\"]",
      "instances": [
        {
          "schema_version": 1,
          "attributes": {
            "content_base64": null,
            "format": "SOURCE",
            "id": "/Users/narenderreddy548@gmail.com/Terraform/notebook-getting-started-lakehouse-e2e.py",
            "language": "PYTHON",
            "md5": "033dccc59bb75e393a8f3fd8582e8e5a",
            "object_id": 4088546942983234,
            "object_type": "NOTEBOOK",
            "path": "/Users/narenderreddy548@gmail.com/Terraform/notebook-getting-started-lakehouse-e2e.py",
            "source": "./notebook-getting-started-lakehouse-e2e.py",
            "url": "https://adb-6264422557565567.7.azuredatabricks.net/#workspace/Users/narenderreddy548@gmail.com/Terraform/notebook-getting-started-lakehouse-e2e.py"
          },
          "sensitive_attributes": [],
          "private": "eyJzY2hlbWFfdmVyc2lvbiI6IjEifQ==",
          "dependencies": [
            "data.databricks_current_user.me"
          ]
        }
      ]
    }
  ],
  "check_results": null
}
